
Microsoft Visual Studio Solution File, Format Version 12.00
Project("{FAE04EC0-301F-11D3-BF4B-00C04F79EFBC}") = "Logger", "Logger\Logger.csproj", "{66788272-9A03-4A3D-B4A2-2EB9E736A318}"
EndProject
Global
	GlobalSection(SolutionConfigurationPlatforms) = preSolution
		Debug|Any CPU = Debug|Any CPU
		Release|Any CPU = Release|Any CPU
	EndGlobalSection
	GlobalSection(ProjectConfigurationPlatforms) = postSolution
		{66788272-9A03-4A3D-B4A2-2EB9E736A318}.Debug|Any CPU.ActiveCfg = Debug|Any CPU
		{66788272-9A03-4A3D-B4A2-2EB9E736A318}.Debug|Any CPU.Build.0 = Debug|Any CPU
		{66788272-9A03-4A3D-B4A2-2EB9E736A318}.Release|Any CPU.ActiveCfg = Release|Any CPU
		{66788272-9A03-4A3D-B4A2-2EB9E736A318}.Release|Any CPU.Build.0 = Release|Any CPU
	EndGlobalSection
EndGlobal
